{
	"name": "red",
	"version": "0.3.6",
	"lockfileVersion": 1,
	"requires": true,
	"dependencies": {
		"semver": {
			"version": "6.3.0",
			"resolved": "https://registry.npm.taobao.org/semver/download/semver-6.3.0.tgz?cache=0&sync_timestamp=1586887209698&other_urls=https%3A%2F%2Fregistry.npm.taobao.org%2Fsemver%2Fdownload%2Fsemver-6.3.0.tgz",
			"integrity": "sha1-7gpkyK9ejO6mdoexM3YeG+y9HT0="
		},
		"vscode-jsonrpc": {
			"version": "5.0.1",
			"resolved": "https://registry.npm.taobao.org/vscode-jsonrpc/download/vscode-jsonrpc-5.0.1.tgz?cache=0&sync_timestamp=1596005644742&other_urls=https%3A%2F%2Fregistry.npm.taobao.org%2Fvscode-jsonrpc%2Fdownload%2Fvscode-jsonrpc-5.0.1.tgz",
			"integrity": "sha1-m6ucMw2J9D/IwehwK1w24FigF5Q="
		},
		"vscode-languageclient": {
			"version": "6.1.3",
			"resolved": "https://registry.npm.taobao.org/vscode-languageclient/download/vscode-languageclient-6.1.3.tgz",
			"integrity": "sha1-yXnFu1hVcUoDB+mYwYyoJ8GzlTo=",
			"requires": {
				"semver": "^6.3.0",
				"vscode-languageserver-protocol": "^3.15.3"
			}
		},
		"vscode-languageserver-protocol": {
			"version": "3.15.3",
			"resolved": "https://registry.npm.taobao.org/vscode-languageserver-protocol/download/vscode-languageserver-protocol-3.15.3.tgz?cache=0&sync_timestamp=1596005644958&other_urls=https%3A%2F%2Fregistry.npm.taobao.org%2Fvscode-languageserver-protocol%2Fdownload%2Fvscode-languageserver-protocol-3.15.3.tgz",
			"integrity": "sha1-P6mgcC10LPeIPLYYKmIS/NCh2Ls=",
			"requires": {
				"vscode-jsonrpc": "^5.0.1",
				"vscode-languageserver-types": "3.15.1"
			}
		},
		"vscode-languageserver-types": {
			"version": "3.15.1",
			"resolved": "https://registry.npm.taobao.org/vscode-languageserver-types/download/vscode-languageserver-types-3.15.1.tgz?cache=0&sync_timestamp=1596005896361&other_urls=https%3A%2F%2Fregistry.npm.taobao.org%2Fvscode-languageserver-types%2Fdownload%2Fvscode-languageserver-types-3.15.1.tgz",
			"integrity": "sha1-F75x140vYjbUFPAAHOHvTSPmtt4="
		}
	}
}
